;;;;;;;;;;;;;;;;;;;;;;;;;;;;;;;;;;;;;;;;;;;;;;;;;;;;;;;;;;;;;;;;;;;;;;;;;;;;;;;;
;; This is autogenerated by CLPM. Do not edit by hand.
;;;;;;;;;;;;;;;;;;;;;;;;;;;;;;;;;;;;;;;;;;;;;;;;;;;;;;;;;;;;;;;;;;;;;;;;;;;;;;;;

(:api-version "0.4")

;;;;;;;;;;;;;;;;;;;;;;;;;;;;;;;;;;;;;;;;;;;;;;;;;;;;;;;;;;;;;;;;;;;;;;;;;;;;;;;;
;; BEGIN SOURCES
;;;;;;;;;;;;;;;;;;;;;;;;;;;;;;;;;;;;;;;;;;;;;;;;;;;;;;;;;;;;;;;;;;;;;;;;;;;;;;;;

:sources
(:implicit-file :type :file-system :system-files ("clevelib.asd"))
(:implicit-vcs :type :vcs :projects (("fiveam" :github :path "lispci/fiveam")))
("quicklisp" :url "https://beta.quicklisp.org/dist/quicklisp.txt" :type
 :quicklisp)


;;;;;;;;;;;;;;;;;;;;;;;;;;;;;;;;;;;;;;;;;;;;;;;;;;;;;;;;;;;;;;;;;;;;;;;;;;;;;;;;
;; BEGIN REQUIREMENTS
;;;;;;;;;;;;;;;;;;;;;;;;;;;;;;;;;;;;;;;;;;;;;;;;;;;;;;;;;;;;;;;;;;;;;;;;;;;;;;;;

:requirements
(:system :name "log4cl")
(:system :name "bordeaux-threads")
(:system :name "cl-reexport")
(:project :name "fiveam" :commit "e11dee752a8f59065033ef9d60641d4a2f1e8379"
 :source :implicit-vcs)
(:asd-file :name "clevelib.asd")


;;;;;;;;;;;;;;;;;;;;;;;;;;;;;;;;;;;;;;;;;;;;;;;;;;;;;;;;;;;;;;;;;;;;;;;;;;;;;;;;
;; BEGIN RELEASES
;;;;;;;;;;;;;;;;;;;;;;;;;;;;;;;;;;;;;;;;;;;;;;;;;;;;;;;;;;;;;;;;;;;;;;;;;;;;;;;;

:releases
("alexandria" :version "2023-10-21" :source "quicklisp" :systems ("alexandria"))
("asdf-flv" :version "2023-10-21" :source "quicklisp" :systems
 ("net.didierverna.asdf-flv"))
("bordeaux-threads" :version "2023-10-21" :source "quicklisp" :systems
 ("bordeaux-threads"))
("cl-reexport" :version "2021-02-28" :source "quicklisp" :systems
 ("cl-reexport"))
("clevelib.asd" :version :newest :source :implicit-file :systems ("clevelib"))
("fiveam" :version (:commit "e11dee752a8f59065033ef9d60641d4a2f1e8379") :source
 :implicit-vcs :systems ("fiveam" "fiveam/test"))
("global-vars" :version "2014-11-06" :source "quicklisp" :systems
 ("global-vars"))
("log4cl" :version "2023-06-18" :source "quicklisp" :systems ("log4cl"))
("trivial-backtrace" :version "2023-02-15" :source "quicklisp" :systems
 ("trivial-backtrace"))
("trivial-features" :version "2023-06-18" :source "quicklisp" :systems
 ("trivial-features"))
("trivial-garbage" :version "2023-10-21" :source "quicklisp" :systems
 ("trivial-garbage"))


;;;;;;;;;;;;;;;;;;;;;;;;;;;;;;;;;;;;;;;;;;;;;;;;;;;;;;;;;;;;;;;;;;;;;;;;;;;;;;;;
;; BEGIN REVERSE-DEPENDENCIES
;;;;;;;;;;;;;;;;;;;;;;;;;;;;;;;;;;;;;;;;;;;;;;;;;;;;;;;;;;;;;;;;;;;;;;;;;;;;;;;;

:reverse-dependencies
("alexandria" ((:system :name "fiveam") (:system :name "alexandria"))
 ((:system :name "cl-reexport") (:system :name "alexandria"))
 ((:system :name "bordeaux-threads") (:system :name "alexandria")))

("asdf-flv"
 ((:system :name "fiveam") (:system :name "net.didierverna.asdf-flv")))

("bordeaux-threads"
 ((:system :name "log4cl") (:system :name "bordeaux-threads"))
 ((:system :name "clevelib") (:system :name "bordeaux-threads"))
 (t (:system :name "bordeaux-threads")))

("cl-reexport" ((:system :name "clevelib") (:system :name "cl-reexport"))
 (t (:system :name "cl-reexport")))

("clevelib.asd" (t (:asd-file :name "clevelib.asd")))

("fiveam" ((:system :name "fiveam/test") (:system :name "fiveam"))
 (t
  (:project :name "fiveam" :commit "e11dee752a8f59065033ef9d60641d4a2f1e8379"
   :source :implicit-vcs)))

("global-vars"
 ((:system :name "bordeaux-threads") (:system :name "global-vars")))

("log4cl" ((:system :name "clevelib") (:system :name "log4cl"))
 (t (:system :name "log4cl")))

("trivial-backtrace"
 ((:system :name "fiveam") (:system :name "trivial-backtrace")))

("trivial-features"
 ((:system :name "bordeaux-threads") (:system :name "trivial-features")))

("trivial-garbage"
 ((:system :name "bordeaux-threads") (:system :name "trivial-garbage")))

